// !$*UTF8*$!
{
	archiveVersion = 1;
	classes = {
	};
	objectVersion = 46;
	objects = {

/* Begin PBXBuildFile section */
		872249B31A056DA9007DA3E7 /* AppDelegate.swift in Sources */ = {isa = PBXBuildFile; fileRef = 872249B21A056DA9007DA3E7 /* AppDelegate.swift */; };
		872249B51A056DA9007DA3E7 /* ViewController.swift in Sources */ = {isa = PBXBuildFile; fileRef = 872249B41A056DA9007DA3E7 /* ViewController.swift */; };
		872249B81A056DA9007DA3E7 /* Main.storyboard in Resources */ = {isa = PBXBuildFile; fileRef = 872249B61A056DA9007DA3E7 /* Main.storyboard */; };
		872249BA1A056DA9007DA3E7 /* Images.xcassets in Resources */ = {isa = PBXBuildFile; fileRef = 872249B91A056DA9007DA3E7 /* Images.xcassets */; };
		872249BD1A056DA9007DA3E7 /* LaunchScreen.xib in Resources */ = {isa = PBXBuildFile; fileRef = 872249BB1A056DA9007DA3E7 /* LaunchScreen.xib */; };
		872249C91A056DA9007DA3E7 /* BinaryConverterTests.swift in Sources */ = {isa = PBXBuildFile; fileRef = 872249C81A056DA9007DA3E7 /* BinaryConverterTests.swift */; };
/* End PBXBuildFile section */

/* Begin PBXContainerItemProxy section */
		872249C31A056DA9007DA3E7 /* PBXContainerItemProxy */ = {
			isa = PBXContainerItemProxy;
			containerPortal = 872249A51A056DA9007DA3E7 /* Project object */;
			proxyType = 1;
			remoteGlobalIDString = 872249AC1A056DA9007DA3E7;
			remoteInfo = BinaryConverter;
		};
/* End PBXContainerItemProxy section */

/* Begin PBXFileReference section */
		872249AD1A056DA9007DA3E7 /* BinaryConverter.app */ = {isa = PBXFileReference; explicitFileType = wrapper.application; includeInIndex = 0; path = BinaryConverter.app; sourceTree = BUILT_PRODUCTS_DIR; };
		872249B11A056DA9007DA3E7 /* Info.plist */ = {isa = PBXFileReference; lastKnownFileType = text.plist.xml; path = Info.plist; sourceTree = "<group>"; };
		872249B21A056DA9007DA3E7 /* AppDelegate.swift */ = {isa = PBXFileReference; lastKnownFileType = sourcecode.swift; path = AppDelegate.swift; sourceTree = "<group>"; };
		872249B41A056DA9007DA3E7 /* ViewController.swift */ = {isa = PBXFileReference; lastKnownFileType = sourcecode.swift; path = ViewController.swift; sourceTree = "<group>"; };
		872249B71A056DA9007DA3E7 /* Base */ = {isa = PBXFileReference; lastKnownFileType = file.storyboard; name = Base; path = Base.lproj/Main.storyboard; sourceTree = "<group>"; };
		872249B91A056DA9007DA3E7 /* Images.xcassets */ = {isa = PBXFileReference; lastKnownFileType = folder.assetcatalog; path = Images.xcassets; sourceTree = "<group>"; };
		872249BC1A056DA9007DA3E7 /* Base */ = {isa = PBXFileReference; lastKnownFileType = file.xib; name = Base; path = Base.lproj/LaunchScreen.xib; sourceTree = "<group>"; };
		872249C21A056DA9007DA3E7 /* BinaryConverterTests.xctest */ = {isa = PBXFileReference; explicitFileType = wrapper.cfbundle; includeInIndex = 0; path = BinaryConverterTests.xctest; sourceTree = BUILT_PRODUCTS_DIR; };
		872249C71A056DA9007DA3E7 /* Info.plist */ = {isa = PBXFileReference; lastKnownFileType = text.plist.xml; path = Info.plist; sourceTree = "<group>"; };
		872249C81A056DA9007DA3E7 /* BinaryConverterTests.swift */ = {isa = PBXFileReference; lastKnownFileType = sourcecode.swift; path = BinaryConverterTests.swift; sourceTree = "<group>"; };
/* End PBXFileReference section */

/* Begin PBXFrameworksBuildPhase section */
		872249AA1A056DA9007DA3E7 /* Frameworks */ = {
			isa = PBXFrameworksBuildPhase;
			buildActionMask = 2147483647;
			files = (
			);
			runOnlyForDeploymentPostprocessing = 0;
		};
		872249BF1A056DA9007DA3E7 /* Frameworks */ = {
			isa = PBXFrameworksBuildPhase;
			buildActionMask = 2147483647;
			files = (
			);
			runOnlyForDeploymentPostprocessing = 0;
		};
/* End PBXFrameworksBuildPhase section */

/* Begin PBXGroup section */
		872249A41A056DA9007DA3E7 = {
			isa = PBXGroup;
			children = (
				872249AF1A056DA9007DA3E7 /* BinaryConverter */,
				872249C51A056DA9007DA3E7 /* BinaryConverterTests */,
				872249AE1A056DA9007DA3E7 /* Products */,
			);
			sourceTree = "<group>";
		};
		872249AE1A056DA9007DA3E7 /* Products */ = {
			isa = PBXGroup;
			children = (
				872249AD1A056DA9007DA3E7 /* BinaryConverter.app */,
				872249C21A056DA9007DA3E7 /* BinaryConverterTests.xctest */,
			);
			name = Products;
			sourceTree = "<group>";
		};
		872249AF1A056DA9007DA3E7 /* BinaryConverter */ = {
			isa = PBXGroup;
			children = (
				872249B21A056DA9007DA3E7 /* AppDelegate.swift */,
				872249B41A056DA9007DA3E7 /* ViewController.swift */,
				872249B61A056DA9007DA3E7 /* Main.storyboard */,
				872249B91A056DA9007DA3E7 /* Images.xcassets */,
				872249BB1A056DA9007DA3E7 /* LaunchScreen.xib */,
				872249B01A056DA9007DA3E7 /* Supporting Files */,
			);
			path = BinaryConverter;
			sourceTree = "<group>";
		};
		872249B01A056DA9007DA3E7 /* Supporting Files */ = {
			isa = PBXGroup;
			children = (
				872249B11A056DA9007DA3E7 /* Info.plist */,
			);
			name = "Supporting Files";
			sourceTree = "<group>";
		};
		872249C51A056DA9007DA3E7 /* BinaryConverterTests */ = {
			isa = PBXGroup;
			children = (
				872249C81A056DA9007DA3E7 /* BinaryConverterTests.swift */,
				872249C61A056DA9007DA3E7 /* Supporting Files */,
			);
			path = BinaryConverterTests;
			sourceTree = "<group>";
		};
		872249C61A056DA9007DA3E7 /* Supporting Files */ = {
			isa = PBXGroup;
			children = (
				872249C71A056DA9007DA3E7 /* Info.plist */,
			);
			name = "Supporting Files";
			sourceTree = "<group>";
		};
/* End PBXGroup section */

/* Begin PBXNativeTarget section */
		872249AC1A056DA9007DA3E7 /* BinaryConverter */ = {
			isa = PBXNativeTarget;
			buildConfigurationList = 872249CC1A056DA9007DA3E7 /* Build configuration list for PBXNativeTarget "BinaryConverter" */;
			buildPhases = (
				872249A91A056DA9007DA3E7 /* Sources */,
				872249AA1A056DA9007DA3E7 /* Frameworks */,
				872249AB1A056DA9007DA3E7 /* Resources */,
			);
			buildRules = (
			);
			dependencies = (
			);
			name = BinaryConverter;
			productName = BinaryConverter;
			productReference = 872249AD1A056DA9007DA3E7 /* BinaryConverter.app */;
			productType = "com.apple.product-type.application";
		};
		872249C11A056DA9007DA3E7 /* BinaryConverterTests */ = {
			isa = PBXNativeTarget;
			buildConfigurationList = 872249CF1A056DA9007DA3E7 /* Build configuration list for PBXNativeTarget "BinaryConverterTests" */;
			buildPhases = (
				872249BE1A056DA9007DA3E7 /* Sources */,
				872249BF1A056DA9007DA3E7 /* Frameworks */,
				872249C01A056DA9007DA3E7 /* Resources */,
			);
			buildRules = (
			);
			dependencies = (
				872249C41A056DA9007DA3E7 /* PBXTargetDependency */,
			);
			name = BinaryConverterTests;
			productName = BinaryConverterTests;
			productReference = 872249C21A056DA9007DA3E7 /* BinaryConverterTests.xctest */;
			productType = "com.apple.product-type.bundle.unit-test";
		};
/* End PBXNativeTarget section */

/* Begin PBXProject section */
		872249A51A056DA9007DA3E7 /* Project object */ = {
			isa = PBXProject;
			attributes = {
				LastUpgradeCheck = 0610;
				ORGANIZATIONNAME = "Cor Pruijs";
				TargetAttributes = {
					872249AC1A056DA9007DA3E7 = {
						CreatedOnToolsVersion = 6.1;
					};
					872249C11A056DA9007DA3E7 = {
						CreatedOnToolsVersion = 6.1;
						TestTargetID = 872249AC1A056DA9007DA3E7;
					};
				};
			};
			buildConfigurationList = 872249A81A056DA9007DA3E7 /* Build configuration list for PBXProject "BinaryConverter" */;
			compatibilityVersion = "Xcode 3.2";
			developmentRegion = English;
			hasScannedForEncodings = 0;
			knownRegions = (
				en,
				Base,
			);
			mainGroup = 872249A41A056DA9007DA3E7;
			productRefGroup = 872249AE1A056DA9007DA3E7 /* Products */;
			projectDirPath = "";
			projectRoot = "";
			targets = (
				872249AC1A056DA9007DA3E7 /* BinaryConverter */,
				872249C11A056DA9007DA3E7 /* BinaryConverterTests */,
			);
		};
/* End PBXProject section */

/* Begin PBXResourcesBuildPhase section */
		872249AB1A056DA9007DA3E7 /* Resources */ = {
			isa = PBXResourcesBuildPhase;
			buildActionMask = 2147483647;
			files = (
				872249B81A056DA9007DA3E7 /* Main.storyboard in Resources */,
				872249BD1A056DA9007DA3E7 /* LaunchScreen.xib in Resources */,
				872249BA1A056DA9007DA3E7 /* Images.xcassets in Resources */,
			);
			runOnlyForDeploymentPostprocessing = 0;
		};
		872249C01A056DA9007DA3E7 /* Resources */ = {
			isa = PBXResourcesBuildPhase;
			buildActionMask = 2147483647;
			files = (
			);
			runOnlyForDeploymentPostprocessing = 0;
		};
/* End PBXResourcesBuildPhase section */

/* Begin PBXSourcesBuildPhase section */
		872249A91A056DA9007DA3E7 /* Sources */ = {
			isa = PBXSourcesBuildPhase;
			buildActionMask = 2147483647;
			files = (
				872249B51A056DA9007DA3E7 /* ViewController.swift in Sources */,
				872249B31A056DA9007DA3E7 /* AppDelegate.swift in Sources */,
			);
			runOnlyForDeploymentPostprocessing = 0;
		};
		872249BE1A056DA9007DA3E7 /* Sources */ = {
			isa = PBXSourcesBuildPhase;
			buildActionMask = 2147483647;
			files = (
				872249C91A056DA9007DA3E7 /* BinaryConverterTests.swift in Sources */,
			);
			runOnlyForDeploymentPostprocessing = 0;
		};
/* End PBXSourcesBuildPhase section */

/* Begin PBXTargetDependency section */
		872249C41A056DA9007DA3E7 /* PBXTargetDependency */ = {
			isa = PBXTargetDependency;
			target = 872249AC1A056DA9007DA3E7 /* BinaryConverter */;
			targetProxy = 872249C31A056DA9007DA3E7 /* PBXContainerItemProxy */;
		};
/* End PBXTargetDependency section */

/* Begin PBXVariantGroup section */
		872249B61A056DA9007DA3E7 /* Main.storyboard */ = {
			isa = PBXVariantGroup;
			children = (
				872249B71A056DA9007DA3E7 /* Base */,
			);
			name = Main.storyboard;
			sourceTree = "<group>";
		};
		872249BB1A056DA9007DA3E7 /* LaunchScreen.xib */ = {
			isa = PBXVariantGroup;
			children = (
				872249BC1A056DA9007DA3E7 /* Base */,
			);
			name = LaunchScreen.xib;
			sourceTree = "<group>";
		};
/* End PBXVariantGroup section */

/* Begin XCBuildConfiguration section */
		872249CA1A056DA9007DA3E7 /* Debug */ = {
			isa = XCBuildConfiguration;
			buildSettings = {
				ALWAYS_SEARCH_USER_PATHS = NO;
				CLANG_CXX_LANGUAGE_STANDARD = "gnu++0x";
				CLANG_CXX_LIBRARY = "libc++";
				CLANG_ENABLE_MODULES = YES;
				CLANG_ENABLE_OBJC_ARC = YES;
				CLANG_WARN_BOOL_CONVERSION = YES;
				CLANG_WARN_CONSTANT_CONVERSION = YES;
				CLANG_WARN_DIRECT_OBJC_ISA_USAGE = YES_ERROR;
				CLANG_WARN_EMPTY_BODY = YES;
				CLANG_WARN_ENUM_CONVERSION = YES;
				CLANG_WARN_INT_CONVERSION = YES;
				CLANG_WARN_OBJC_ROOT_CLASS = YES_ERROR;
				CLANG_WARN_UNREACHABLE_CODE = YES;
				CLANG_WARN__DUPLICATE_METHOD_MATCH = YES;
				"CODE_SIGN_IDENTITY[sdk=iphoneos*]" = "iPhone Developer";
				COPY_PHASE_STRIP = NO;
				ENABLE_STRICT_OBJC_MSGSEND = YES;
				GCC_C_LANGUAGE_STANDARD = gnu99;
				GCC_DYNAMIC_NO_PIC = NO;
				GCC_OPTIMIZATION_LEVEL = 0;
				GCC_PREPROCESSOR_DEFINITIONS = (
					"DEBUG=1",
					"$(inherited)",
				);
				GCC_SYMBOLS_PRIVATE_EXTERN = NO;
				GCC_WARN_64_TO_32_BIT_CONVERSION = YES;
				GCC_WARN_ABOUT_RETURN_TYPE = YES_ERROR;
				GCC_WARN_UNDECLARED_SELECTOR = YES;
				GCC_WARN_UNINITIALIZED_AUTOS = YES_AGGRESSIVE;
				GCC_WARN_UNUSED_FUNCTION = YES;
				GCC_WARN_UNUSED_VARIABLE = YES;
				IPHONEOS_DEPLOYMENT_TARGET = 8.1;
				MTL_ENABLE_DEBUG_INFO = YES;
				ONLY_ACTIVE_ARCH = YES;
				SDKROOT = iphoneos;
				SWIFT_OPTIMIZATION_LEVEL = "-Onone";
			};
			name = Debug;
		};
		872249CB1A056DA9007DA3E7 /* Release */ = {
			isa = XCBuildConfiguration;
			buildSettings = {
				ALWAYS_SEARCH_USER_PATHS = NO;
				CLANG_CXX_LANGUAGE_STANDARD = "gnu++0x";
				CLANG_CXX_LIBRARY = "libc++";
				CLANG_ENABLE_MODULES = YES;
				CLANG_ENABLE_OBJC_ARC = YES;
				CLANG_WARN_BOOL_CONVERSION = YES;
				CLANG_WARN_CONSTANT_CONVERSION = YES;
				CLANG_WARN_DIRECT_OBJC_ISA_USAGE = YES_ERROR;
				CLANG_WARN_EMPTY_BODY = YES;
				CLANG_WARN_ENUM_CONVERSION = YES;
				CLANG_WARN_INT_CONVERSION = YES;
				CLANG_WARN_OBJC_ROOT_CLASS = YES_ERROR;
				CLANG_WARN_UNREACHABLE_CODE = YES;
				CLANG_WARN__DUPLICATE_METHOD_MATCH = YES;
				"CODE_SIGN_IDENTITY[sdk=iphoneos*]" = "iPhone Developer";
				COPY_PHASE_STRIP = YES;
				ENABLE_NS_ASSERTIONS = NO;
				ENABLE_STRICT_OBJC_MSGSEND = YES;
				GCC_C_LANGUAGE_STANDARD = gnu99;
				GCC_WARN_64_TO_32_BIT_CONVERSION = YES;
				GCC_WARN_ABOUT_RETURN_TYPE = YES_ERROR;
				GCC_WARN_UNDECLARED_SELECTOR = YES;
				GCC_WARN_UNINITIALIZED_AUTOS = YES_AGGRESSIVE;
				GCC_WARN_UNUSED_FUNCTION = YES;
				GCC_WARN_UNUSED_VARIABLE = YES;
				IPHONEOS_DEPLOYMENT_TARGET = 8.1;
				MTL_ENABLE_DEBUG_INFO = NO;
				SDKROOT = iphoneos;
				VALIDATE_PRODUCT = YES;
			};
			name = Release;
		};
		872249CD1A056DA9007DA3E7 /* Debug */ = {
			isa = XCBuildConfiguration;
			buildSettings = {
				ASSETCATALOG_COMPILER_APPICON_NAME = AppIcon;
				INFOPLIST_FILE = BinaryConverter/Info.plist;
				LD_RUNPATH_SEARCH_PATHS = "$(inherited) @executable_path/Frameworks";
				PRODUCT_NAME = "$(TARGET_NAME)";
			};
			name = Debug;
		};
		872249CE1A056DA9007DA3E7 /* Release */ = {
			isa = XCBuildConfiguration;
			buildSettings = {
				ASSETCATALOG_COMPILER_APPICON_NAME = AppIcon;
				INFOPLIST_FILE = BinaryConverter/Info.plist;
				LD_RUNPATH_SEARCH_PATHS = "$(inherited) @executable_path/Frameworks";
				PRODUCT_NAME = "$(TARGET_NAME)";
			};
			name = Release;
		};
		872249D01A056DA9007DA3E7 /* Debug */ = {
			isa = XCBuildConfiguration;
			buildSettings = {
				BUNDLE_LOADER = "$(TEST_HOST)";
				FRAMEWORK_SEARCH_PATHS = (
					"$(SDKROOT)/Developer/Library/Frameworks",
					"$(inherited)",
				);
				GCC_PREPROCESSOR_DEFINITIONS = (
					"DEBUG=1",
					"$(inherited)",
				);
				INFOPLIST_FILE = BinaryConverterTests/Info.plist;
				LD_RUNPATH_SEARCH_PATHS = "$(inherited) @executable_path/Frameworks @loader_path/Frameworks";
				PRODUCT_NAME = "$(TARGET_NAME)";
				TEST_HOST = "$(BUILT_PRODUCTS_DIR)/BinaryConverter.app/BinaryConverter";
			};
			name = Debug;
		};
		872249D11A056DA9007DA3E7 /* Release */ = {
			isa = XCBuildConfiguration;
			buildSettings = {
				BUNDLE_LOADER = "$(TEST_HOST)";
				FRAMEWORK_SEARCH_PATHS = (
					"$(SDKROOT)/Developer/Library/Frameworks",
					"$(inherited)",
				);
				INFOPLIST_FILE = BinaryConverterTests/Info.plist;
				LD_RUNPATH_SEARCH_PATHS = "$(inherited) @executable_path/Frameworks @loader_path/Frameworks";
				PRODUCT_NAME = "$(TARGET_NAME)";
				TEST_HOST = "$(BUILT_PRODUCTS_DIR)/BinaryConverter.app/BinaryConverter";
			};
			name = Release;
		};
/* End XCBuildConfiguration section */

/* Begin XCConfigurationList section */
		872249A81A056DA9007DA3E7 /* Build configuration list for PBXProject "BinaryConverter" */ = {
			isa = XCConfigurationList;
			buildConfigurations = (
				872249CA1A056DA9007DA3E7 /* Debug */,
				872249CB1A056DA9007DA3E7 /* Release */,
			);
			defaultConfigurationIsVisible = 0;
			defaultConfigurationName = Release;
		};
		872249CC1A056DA9007DA3E7 /* Build configuration list for PBXNativeTarget "BinaryConverter" */ = {
			isa = XCConfigurationList;
			buildConfigurations = (
				872249CD1A056DA9007DA3E7 /* Debug */,
				872249CE1A056DA9007DA3E7 /* Release */,
			);
			defaultConfigurationIsVisible = 0;
		};
		872249CF1A056DA9007DA3E7 /* Build configuration list for PBXNativeTarget "BinaryConverterTests" */ = {
			isa = XCConfigurationList;
			buildConfigurations = (
				872249D01A056DA9007DA3E7 /* Debug */,
				872249D11A056DA9007DA3E7 /* Release */,
			);
			defaultConfigurationIsVisible = 0;
		};
/* End XCConfigurationList section */
	};
	rootObject = 872249A51A056DA9007DA3E7 /* Project object */;
}
